// !$*UTF8*$!
{
	archiveVersion = 1;
	classes = {
	};
	objectVersion = 50;
	objects = {

/* Begin PBXBuildFile section */
		68D377F523494E01000C6009 /* AppDelegate.swift in Sources */ = {isa = PBXBuildFile; fileRef = 68D377F423494E01000C6009 /* AppDelegate.swift */; };
		68D377F723494E01000C6009 /* SceneDelegate.swift in Sources */ = {isa = PBXBuildFile; fileRef = 68D377F623494E01000C6009 /* SceneDelegate.swift */; };
		68D377FC23494E01000C6009 /* Main.storyboard in Resources */ = {isa = PBXBuildFile; fileRef = 68D377FA23494E01000C6009 /* Main.storyboard */; };
		68D377FE23494E03000C6009 /* Assets.xcassets in Resources */ = {isa = PBXBuildFile; fileRef = 68D377FD23494E03000C6009 /* Assets.xcassets */; };
		68D3780123494E03000C6009 /* LaunchScreen.storyboard in Resources */ = {isa = PBXBuildFile; fileRef = 68D377FF23494E03000C6009 /* LaunchScreen.storyboard */; };
		68D3780A23494F70000C6009 /* SpeechViewController.swift in Sources */ = {isa = PBXBuildFile; fileRef = 68D3780823494F70000C6009 /* SpeechViewController.swift */; };
		68D3780B23494F70000C6009 /* SpeechHelper.swift in Sources */ = {isa = PBXBuildFile; fileRef = 68D3780923494F70000C6009 /* SpeechHelper.swift */; };
/* End PBXBuildFile section */

/* Begin PBXFileReference section */
		68D377F123494E01000C6009 /* SpeechDictationDemo.app */ = {isa = PBXFileReference; explicitFileType = wrapper.application; includeInIndex = 0; path = SpeechDictationDemo.app; sourceTree = BUILT_PRODUCTS_DIR; };
		68D377F423494E01000C6009 /* AppDelegate.swift */ = {isa = PBXFileReference; lastKnownFileType = sourcecode.swift; path = AppDelegate.swift; sourceTree = "<group>"; };
		68D377F623494E01000C6009 /* SceneDelegate.swift */ = {isa = PBXFileReference; lastKnownFileType = sourcecode.swift; path = SceneDelegate.swift; sourceTree = "<group>"; };
		68D377FB23494E01000C6009 /* Base */ = {isa = PBXFileReference; lastKnownFileType = file.storyboard; name = Base; path = Base.lproj/Main.storyboard; sourceTree = "<group>"; };
		68D377FD23494E03000C6009 /* Assets.xcassets */ = {isa = PBXFileReference; lastKnownFileType = folder.assetcatalog; path = Assets.xcassets; sourceTree = "<group>"; };
		68D3780023494E03000C6009 /* Base */ = {isa = PBXFileReference; lastKnownFileType = file.storyboard; name = Base; path = Base.lproj/LaunchScreen.storyboard; sourceTree = "<group>"; };
		68D3780223494E03000C6009 /* Info.plist */ = {isa = PBXFileReference; lastKnownFileType = text.plist.xml; path = Info.plist; sourceTree = "<group>"; };
		68D3780823494F70000C6009 /* SpeechViewController.swift */ = {isa = PBXFileReference; fileEncoding = 4; lastKnownFileType = sourcecode.swift; path = SpeechViewController.swift; sourceTree = "<group>"; };
		68D3780923494F70000C6009 /* SpeechHelper.swift */ = {isa = PBXFileReference; fileEncoding = 4; lastKnownFileType = sourcecode.swift; path = SpeechHelper.swift; sourceTree = "<group>"; };
/* End PBXFileReference section */

/* Begin PBXFrameworksBuildPhase section */
		68D377EE23494E01000C6009 /* Frameworks */ = {
			isa = PBXFrameworksBuildPhase;
			buildActionMask = 2147483647;
			files = (
			);
			runOnlyForDeploymentPostprocessing = 0;
		};
/* End PBXFrameworksBuildPhase section */

/* Begin PBXGroup section */
		68D377E823494E01000C6009 = {
			isa = PBXGroup;
			children = (
				68D377F323494E01000C6009 /* SpeechDictationDemo */,
				68D377F223494E01000C6009 /* Products */,
			);
			sourceTree = "<group>";
		};
		68D377F223494E01000C6009 /* Products */ = {
			isa = PBXGroup;
			children = (
				68D377F123494E01000C6009 /* SpeechDictationDemo.app */,
			);
			name = Products;
			sourceTree = "<group>";
		};
		68D377F323494E01000C6009 /* SpeechDictationDemo */ = {
			isa = PBXGroup;
			children = (
				68D3780923494F70000C6009 /* SpeechHelper.swift */,
				68D3780823494F70000C6009 /* SpeechViewController.swift */,
				68D377F423494E01000C6009 /* AppDelegate.swift */,
				68D377F623494E01000C6009 /* SceneDelegate.swift */,
				68D377FA23494E01000C6009 /* Main.storyboard */,
				68D377FD23494E03000C6009 /* Assets.xcassets */,
				68D377FF23494E03000C6009 /* LaunchScreen.storyboard */,
				68D3780223494E03000C6009 /* Info.plist */,
			);
			path = SpeechDictationDemo;
			sourceTree = "<group>";
		};
/* End PBXGroup section */

/* Begin PBXNativeTarget section */
		68D377F023494E01000C6009 /* SpeechDictationDemo */ = {
			isa = PBXNativeTarget;
			buildConfigurationList = 68D3780523494E03000C6009 /* Build configuration list for PBXNativeTarget "SpeechDictationDemo" */;
			buildPhases = (
				68D377ED23494E01000C6009 /* Sources */,
				68D377EE23494E01000C6009 /* Frameworks */,
				68D377EF23494E01000C6009 /* Resources */,
			);
			buildRules = (
			);
			dependencies = (
			);
			name = SpeechDictationDemo;
			productName = SpeechDictationDemo;
			productReference = 68D377F123494E01000C6009 /* SpeechDictationDemo.app */;
			productType = "com.apple.product-type.application";
		};
/* End PBXNativeTarget section */

/* Begin PBXProject section */
		68D377E923494E01000C6009 /* Project object */ = {
			isa = PBXProject;
			attributes = {
				LastSwiftUpdateCheck = 1110;
				LastUpgradeCheck = 1110;
				ORGANIZATIONNAME = "Russell Archer";
				TargetAttributes = {
					68D377F023494E01000C6009 = {
						CreatedOnToolsVersion = 11.1;
					};
				};
			};
			buildConfigurationList = 68D377EC23494E01000C6009 /* Build configuration list for PBXProject "SpeechDictationDemo" */;
			compatibilityVersion = "Xcode 9.3";
			developmentRegion = en;
			hasScannedForEncodings = 0;
			knownRegions = (
				en,
				Base,
			);
			mainGroup = 68D377E823494E01000C6009;
			productRefGroup = 68D377F223494E01000C6009 /* Products */;
			projectDirPath = "";
			projectRoot = "";
			targets = (
				68D377F023494E01000C6009 /* SpeechDictationDemo */,
			);
		};
/* End PBXProject section */

/* Begin PBXResourcesBuildPhase section */
		68D377EF23494E01000C6009 /* Resources */ = {
			isa = PBXResourcesBuildPhase;
			buildActionMask = 2147483647;
			files = (
				68D3780123494E03000C6009 /* LaunchScreen.storyboard in Resources */,
				68D377FE23494E03000C6009 /* Assets.xcassets in Resources */,
				68D377FC23494E01000C6009 /* Main.storyboard in Resources */,
			);
			runOnlyForDeploymentPostprocessing = 0;
		};
/* End PBXResourcesBuildPhase section */

/* Begin PBXSourcesBuildPhase section */
		68D377ED23494E01000C6009 /* Sources */ = {
			isa = PBXSourcesBuildPhase;
			buildActionMask = 2147483647;
			files = (
				68D3780A23494F70000C6009 /* SpeechViewController.swift in Sources */,
				68D377F523494E01000C6009 /* AppDelegate.swift in Sources */,
				68D3780B23494F70000C6009 /* SpeechHelper.swift in Sources */,
				68D377F723494E01000C6009 /* SceneDelegate.swift in Sources */,
			);
			runOnlyForDeploymentPostprocessing = 0;
		};
/* End PBXSourcesBuildPhase section */

/* Begin PBXVariantGroup section */
		68D377FA23494E01000C6009 /* Main.storyboard */ = {
			isa = PBXVariantGroup;
			children = (
				68D377FB23494E01000C6009 /* Base */,
			);
			name = Main.storyboard;
			sourceTree = "<group>";
		};
		68D377FF23494E03000C6009 /* LaunchScreen.storyboard */ = {
			isa = PBXVariantGroup;
			children = (
				68D3780023494E03000C6009 /* Base */,
			);
			name = LaunchScreen.storyboard;
			sourceTree = "<group>";
		};
/* End PBXVariantGroup section */

/* Begin XCBuildConfiguration section */
		68D3780323494E03000C6009 /* Debug */ = {
			isa = XCBuildConfiguration;
			buildSettings = {
				ALWAYS_SEARCH_USER_PATHS = NO;
				CLANG_ANALYZER_NONNULL = YES;
				CLANG_ANALYZER_NUMBER_OBJECT_CONVERSION = YES_AGGRESSIVE;
				CLANG_CXX_LANGUAGE_STANDARD = "gnu++14";
				CLANG_CXX_LIBRARY = "libc++";
				CLANG_ENABLE_MODULES = YES;
				CLANG_ENABLE_OBJC_ARC = YES;
				CLANG_ENABLE_OBJC_WEAK = YES;
				CLANG_WARN_BLOCK_CAPTURE_AUTORELEASING = YES;
				CLANG_WARN_BOOL_CONVERSION = YES;
				CLANG_WARN_COMMA = YES;
				CLANG_WARN_CONSTANT_CONVERSION = YES;
				CLANG_WARN_DEPRECATED_OBJC_IMPLEMENTATIONS = YES;
				CLANG_WARN_DIRECT_OBJC_ISA_USAGE = YES_ERROR;
				CLANG_WARN_DOCUMENTATION_COMMENTS = YES;
				CLANG_WARN_EMPTY_BODY = YES;
				CLANG_WARN_ENUM_CONVERSION = YES;
				CLANG_WARN_INFINITE_RECURSION = YES;
				CLANG_WARN_INT_CONVERSION = YES;
				CLANG_WARN_NON_LITERAL_NULL_CONVERSION = YES;
				CLANG_WARN_OBJC_IMPLICIT_RETAIN_SELF = YES;
				CLANG_WARN_OBJC_LITERAL_CONVERSION = YES;
				CLANG_WARN_OBJC_ROOT_CLASS = YES_ERROR;
				CLANG_WARN_RANGE_LOOP_ANALYSIS = YES;
				CLANG_WARN_STRICT_PROTOTYPES = YES;
				CLANG_WARN_SUSPICIOUS_MOVE = YES;
				CLANG_WARN_UNGUARDED_AVAILABILITY = YES_AGGRESSIVE;
				CLANG_WARN_UNREACHABLE_CODE = YES;
				CLANG_WARN__DUPLICATE_METHOD_MATCH = YES;
				COPY_PHASE_STRIP = NO;
				DEBUG_INFORMATION_FORMAT = dwarf;
				ENABLE_STRICT_OBJC_MSGSEND = YES;
				ENABLE_TESTABILITY = YES;
				GCC_C_LANGUAGE_STANDARD = gnu11;
				GCC_DYNAMIC_NO_PIC = NO;
				GCC_NO_COMMON_BLOCKS = YES;
				GCC_OPTIMIZATION_LEVEL = 0;
				GCC_PREPROCESSOR_DEFINITIONS = (
					"DEBUG=1",
					"$(inherited)",
				);
				GCC_WARN_64_TO_32_BIT_CONVERSION = YES;
				GCC_WARN_ABOUT_RETURN_TYPE = YES_ERROR;
				GCC_WARN_UNDECLARED_SELECTOR = YES;
				GCC_WARN_UNINITIALIZED_AUTOS = YES_AGGRESSIVE;
				GCC_WARN_UNUSED_FUNCTION = YES;
				GCC_WARN_UNUSED_VARIABLE = YES;
				IPHONEOS_DEPLOYMENT_TARGET = 13.1;
				MTL_ENABLE_DEBUG_INFO = INCLUDE_SOURCE;
				MTL_FAST_MATH = YES;
				ONLY_ACTIVE_ARCH = YES;
				SDKROOT = iphoneos;
				SWIFT_ACTIVE_COMPILATION_CONDITIONS = DEBUG;
				SWIFT_OPTIMIZATION_LEVEL = "-Onone";
			};
			name = Debug;
		};
		68D3780423494E03000C6009 /* Release */ = {
			isa = XCBuildConfiguration;
			buildSettings = {
				ALWAYS_SEARCH_USER_PATHS = NO;
				CLANG_ANALYZER_NONNULL = YES;
				CLANG_ANALYZER_NUMBER_OBJECT_CONVERSION = YES_AGGRESSIVE;
				CLANG_CXX_LANGUAGE_STANDARD = "gnu++14";
				CLANG_CXX_LIBRARY = "libc++";
				CLANG_ENABLE_MODULES = YES;
				CLANG_ENABLE_OBJC_ARC = YES;
				CLANG_ENABLE_OBJC_WEAK = YES;
				CLANG_WARN_BLOCK_CAPTURE_AUTORELEASING = YES;
				CLANG_WARN_BOOL_CONVERSION = YES;
				CLANG_WARN_COMMA = YES;
				CLANG_WARN_CONSTANT_CONVERSION = YES;
				CLANG_WARN_DEPRECATED_OBJC_IMPLEMENTATIONS = YES;
				CLANG_WARN_DIRECT_OBJC_ISA_USAGE = YES_ERROR;
				CLANG_WARN_DOCUMENTATION_COMMENTS = YES;
				CLANG_WARN_EMPTY_BODY = YES;
				CLANG_WARN_ENUM_CONVERSION = YES;
				CLANG_WARN_INFINITE_RECURSION = YES;
				CLANG_WARN_INT_CONVERSION = YES;
				CLANG_WARN_NON_LITERAL_NULL_CONVERSION = YES;
				CLANG_WARN_OBJC_IMPLICIT_RETAIN_SELF = YES;
				CLANG_WARN_OBJC_LITERAL_CONVERSION = YES;
				CLANG_WARN_OBJC_ROOT_CLASS = YES_ERROR;
				CLANG_WARN_RANGE_LOOP_ANALYSIS = YES;
				CLANG_WARN_STRICT_PROTOTYPES = YES;
				CLANG_WARN_SUSPICIOUS_MOVE = YES;
				CLANG_WARN_UNGUARDED_AVAILABILITY = YES_AGGRESSIVE;
				CLANG_WARN_UNREACHABLE_CODE = YES;
				CLANG_WARN__DUPLICATE_METHOD_MATCH = YES;
				COPY_PHASE_STRIP = NO;
				DEBUG_INFORMATION_FORMAT = "dwarf-with-dsym";
				ENABLE_NS_ASSERTIONS = NO;
				ENABLE_STRICT_OBJC_MSGSEND = YES;
				GCC_C_LANGUAGE_STANDARD = gnu11;
				GCC_NO_COMMON_BLOCKS = YES;
				GCC_WARN_64_TO_32_BIT_CONVERSION = YES;
				GCC_WARN_ABOUT_RETURN_TYPE = YES_ERROR;
				GCC_WARN_UNDECLARED_SELECTOR = YES;
				GCC_WARN_UNINITIALIZED_AUTOS = YES_AGGRESSIVE;
				GCC_WARN_UNUSED_FUNCTION = YES;
				GCC_WARN_UNUSED_VARIABLE = YES;
				IPHONEOS_DEPLOYMENT_TARGET = 13.1;
				MTL_ENABLE_DEBUG_INFO = NO;
				MTL_FAST_MATH = YES;
				SDKROOT = iphoneos;
				SWIFT_COMPILATION_MODE = wholemodule;
				SWIFT_OPTIMIZATION_LEVEL = "-O";
				VALIDATE_PRODUCT = YES;
			};
			name = Release;
		};
		68D3780623494E03000C6009 /* Debug */ = {
			isa = XCBuildConfiguration;
			buildSettings = {
				ASSETCATALOG_COMPILER_APPICON_NAME = AppIcon;
				CODE_SIGN_STYLE = Automatic;
				DEVELOPMENT_TEAM = R6BE99W3FU;
				INFOPLIST_FILE = SpeechDictationDemo/Info.plist;
				LD_RUNPATH_SEARCH_PATHS = (
					"$(inherited)",
					"@executable_path/Frameworks",
				);
				PRODUCT_BUNDLE_IDENTIFIER = com.rarcher.SpeechDictationDemo;
				PRODUCT_NAME = "$(TARGET_NAME)";
				SWIFT_VERSION = 5.0;
				TARGETED_DEVICE_FAMILY = "1,2";
			};
			name = Debug;
		};
		68D3780723494E03000C6009 /* Release */ = {
			isa = XCBuildConfiguration;
			buildSettings = {
				ASSETCATALOG_COMPILER_APPICON_NAME = AppIcon;
				CODE_SIGN_STYLE = Automatic;
				DEVELOPMENT_TEAM = R6BE99W3FU;
				INFOPLIST_FILE = SpeechDictationDemo/Info.plist;
				LD_RUNPATH_SEARCH_PATHS = (
					"$(inherited)",
					"@executable_path/Frameworks",
				);
				PRODUCT_BUNDLE_IDENTIFIER = com.rarcher.SpeechDictationDemo;
				PRODUCT_NAME = "$(TARGET_NAME)";
				SWIFT_VERSION = 5.0;
				TARGETED_DEVICE_FAMILY = "1,2";
			};
			name = Release;
		};
/* End XCBuildConfiguration section */

/* Begin XCConfigurationList section */
		68D377EC23494E01000C6009 /* Build configuration list for PBXProject "SpeechDictationDemo" */ = {
			isa = XCConfigurationList;
			buildConfigurations = (
				68D3780323494E03000C6009 /* Debug */,
				68D3780423494E03000C6009 /* Release */,
			);
			defaultConfigurationIsVisible = 0;
			defaultConfigurationName = Release;
		};
		68D3780523494E03000C6009 /* Build configuration list for PBXNativeTarget "SpeechDictationDemo" */ = {
			isa = XCConfigurationList;
			buildConfigurations = (
				68D3780623494E03000C6009 /* Debug */,
				68D3780723494E03000C6009 /* Release */,
			);
			defaultConfigurationIsVisible = 0;
			defaultConfigurationName = Release;
		};
/* End XCConfigurationList section */
	};
	rootObject = 68D377E923494E01000C6009 /* Project object */;
}
